{
  "name": "circuit-alignment",
  "version": "1.0.0",
  "lockfileVersion": 3,
  "requires": true,
  "packages": {
    "": {
      "name": "circuit-alignment",
      "version": "1.0.0",
      "license": "ISC",
      "dependencies": {
        "svg-path-properties": "^2.0.2"
      }
    },
    "node_modules/svg-path-properties": {
      "version": "2.0.2",
      "resolved": "https://registry.npmjs.org/svg-path-properties/-/svg-path-properties-2.0.2.tgz",
      "integrity": "sha512-NsSMBNZmod9Gr22gxa8FOiZUIzrI8o65veuCyppoNftNfpKjP5qoouA3ZyioOsQ2a4O8cRV8rHmG9LZF2HhXvw==",
      "license": "ISC",
      "engines": {
        "node": ">=22.0.0"
      }
    }
  }
}
